// !$*UTF8*$!
{
	archiveVersion = 1;
	classes = {
	};
	objectVersion = 50;
	objects = {

/* Begin PBXBuildFile section */
		BBBAD29324755CF10096BD3D /* AppDelegate.swift in Sources */ = {isa = PBXBuildFile; fileRef = BBBAD29224755CF10096BD3D /* AppDelegate.swift */; };
		BBBAD29524755CF10096BD3D /* SceneDelegate.swift in Sources */ = {isa = PBXBuildFile; fileRef = BBBAD29424755CF10096BD3D /* SceneDelegate.swift */; };
		BBBAD29724755CF10096BD3D /* ViewController.swift in Sources */ = {isa = PBXBuildFile; fileRef = BBBAD29624755CF10096BD3D /* ViewController.swift */; };
		BBBAD29A24755CF10096BD3D /* Main.storyboard in Resources */ = {isa = PBXBuildFile; fileRef = BBBAD29824755CF10096BD3D /* Main.storyboard */; };
		BBBAD29C24755CF70096BD3D /* Assets.xcassets in Resources */ = {isa = PBXBuildFile; fileRef = BBBAD29B24755CF70096BD3D /* Assets.xcassets */; };
		BBBAD29F24755CF70096BD3D /* LaunchScreen.storyboard in Resources */ = {isa = PBXBuildFile; fileRef = BBBAD29D24755CF70096BD3D /* LaunchScreen.storyboard */; };
/* End PBXBuildFile section */

/* Begin PBXFileReference section */
		BBBAD28F24755CF10096BD3D /* Constraint_ po_TZ.app */ = {isa = PBXFileReference; explicitFileType = wrapper.application; includeInIndex = 0; path = "Constraint_ po_TZ.app"; sourceTree = BUILT_PRODUCTS_DIR; };
		BBBAD29224755CF10096BD3D /* AppDelegate.swift */ = {isa = PBXFileReference; lastKnownFileType = sourcecode.swift; path = AppDelegate.swift; sourceTree = "<group>"; };
		BBBAD29424755CF10096BD3D /* SceneDelegate.swift */ = {isa = PBXFileReference; lastKnownFileType = sourcecode.swift; path = SceneDelegate.swift; sourceTree = "<group>"; };
		BBBAD29624755CF10096BD3D /* ViewController.swift */ = {isa = PBXFileReference; lastKnownFileType = sourcecode.swift; path = ViewController.swift; sourceTree = "<group>"; };
		BBBAD29924755CF10096BD3D /* Base */ = {isa = PBXFileReference; lastKnownFileType = file.storyboard; name = Base; path = Base.lproj/Main.storyboard; sourceTree = "<group>"; };
		BBBAD29B24755CF70096BD3D /* Assets.xcassets */ = {isa = PBXFileReference; lastKnownFileType = folder.assetcatalog; path = Assets.xcassets; sourceTree = "<group>"; };
		BBBAD29E24755CF70096BD3D /* Base */ = {isa = PBXFileReference; lastKnownFileType = file.storyboard; name = Base; path = Base.lproj/LaunchScreen.storyboard; sourceTree = "<group>"; };
		BBBAD2A024755CF70096BD3D /* Info.plist */ = {isa = PBXFileReference; lastKnownFileType = text.plist.xml; path = Info.plist; sourceTree = "<group>"; };
/* End PBXFileReference section */

/* Begin PBXFrameworksBuildPhase section */
		BBBAD28C24755CF10096BD3D /* Frameworks */ = {
			isa = PBXFrameworksBuildPhase;
			buildActionMask = 2147483647;
			files = (
			);
			runOnlyForDeploymentPostprocessing = 0;
		};
/* End PBXFrameworksBuildPhase section */

/* Begin PBXGroup section */
		BBBAD28624755CF10096BD3D = {
			isa = PBXGroup;
			children = (
				BBBAD29124755CF10096BD3D /* Constraint_ po_TZ */,
				BBBAD29024755CF10096BD3D /* Products */,
			);
			sourceTree = "<group>";
		};
		BBBAD29024755CF10096BD3D /* Products */ = {
			isa = PBXGroup;
			children = (
				BBBAD28F24755CF10096BD3D /* Constraint_ po_TZ.app */,
			);
			name = Products;
			sourceTree = "<group>";
		};
		BBBAD29124755CF10096BD3D /* Constraint_ po_TZ */ = {
			isa = PBXGroup;
			children = (
				BBBAD29224755CF10096BD3D /* AppDelegate.swift */,
				BBBAD29424755CF10096BD3D /* SceneDelegate.swift */,
				BBBAD29624755CF10096BD3D /* ViewController.swift */,
				BBBAD29824755CF10096BD3D /* Main.storyboard */,
				BBBAD29B24755CF70096BD3D /* Assets.xcassets */,
				BBBAD29D24755CF70096BD3D /* LaunchScreen.storyboard */,
				BBBAD2A024755CF70096BD3D /* Info.plist */,
			);
			path = "Constraint_ po_TZ";
			sourceTree = "<group>";
		};
/* End PBXGroup section */

/* Begin PBXNativeTarget section */
		BBBAD28E24755CF10096BD3D /* Constraint_ po_TZ */ = {
			isa = PBXNativeTarget;
			buildConfigurationList = BBBAD2A324755CF70096BD3D /* Build configuration list for PBXNativeTarget "Constraint_ po_TZ" */;
			buildPhases = (
				BBBAD28B24755CF10096BD3D /* Sources */,
				BBBAD28C24755CF10096BD3D /* Frameworks */,
				BBBAD28D24755CF10096BD3D /* Resources */,
			);
			buildRules = (
			);
			dependencies = (
			);
			name = "Constraint_ po_TZ";
			productName = "Constraint_ po_TZ";
			productReference = BBBAD28F24755CF10096BD3D /* Constraint_ po_TZ.app */;
			productType = "com.apple.product-type.application";
		};
/* End PBXNativeTarget section */

/* Begin PBXProject section */
		BBBAD28724755CF10096BD3D /* Project object */ = {
			isa = PBXProject;
			attributes = {
				LastSwiftUpdateCheck = 1140;
				LastUpgradeCheck = 1140;
				ORGANIZATIONNAME = "Viktor Smirnov";
				TargetAttributes = {
					BBBAD28E24755CF10096BD3D = {
						CreatedOnToolsVersion = 11.4;
					};
				};
			};
			buildConfigurationList = BBBAD28A24755CF10096BD3D /* Build configuration list for PBXProject "Constraint_ po_TZ" */;
			compatibilityVersion = "Xcode 9.3";
			developmentRegion = en;
			hasScannedForEncodings = 0;
			knownRegions = (
				en,
				Base,
			);
			mainGroup = BBBAD28624755CF10096BD3D;
			productRefGroup = BBBAD29024755CF10096BD3D /* Products */;
			projectDirPath = "";
			projectRoot = "";
			targets = (
				BBBAD28E24755CF10096BD3D /* Constraint_ po_TZ */,
			);
		};
/* End PBXProject section */

/* Begin PBXResourcesBuildPhase section */
		BBBAD28D24755CF10096BD3D /* Resources */ = {
			isa = PBXResourcesBuildPhase;
			buildActionMask = 2147483647;
			files = (
				BBBAD29F24755CF70096BD3D /* LaunchScreen.storyboard in Resources */,
				BBBAD29C24755CF70096BD3D /* Assets.xcassets in Resources */,
				BBBAD29A24755CF10096BD3D /* Main.storyboard in Resources */,
			);
			runOnlyForDeploymentPostprocessing = 0;
		};
/* End PBXResourcesBuildPhase section */

/* Begin PBXSourcesBuildPhase section */
		BBBAD28B24755CF10096BD3D /* Sources */ = {
			isa = PBXSourcesBuildPhase;
			buildActionMask = 2147483647;
			files = (
				BBBAD29724755CF10096BD3D /* ViewController.swift in Sources */,
				BBBAD29324755CF10096BD3D /* AppDelegate.swift in Sources */,
				BBBAD29524755CF10096BD3D /* SceneDelegate.swift in Sources */,
			);
			runOnlyForDeploymentPostprocessing = 0;
		};
/* End PBXSourcesBuildPhase section */

/* Begin PBXVariantGroup section */
		BBBAD29824755CF10096BD3D /* Main.storyboard */ = {
			isa = PBXVariantGroup;
			children = (
				BBBAD29924755CF10096BD3D /* Base */,
			);
			name = Main.storyboard;
			sourceTree = "<group>";
		};
		BBBAD29D24755CF70096BD3D /* LaunchScreen.storyboard */ = {
			isa = PBXVariantGroup;
			children = (
				BBBAD29E24755CF70096BD3D /* Base */,
			);
			name = LaunchScreen.storyboard;
			sourceTree = "<group>";
		};
/* End PBXVariantGroup section */

/* Begin XCBuildConfiguration section */
		BBBAD2A124755CF70096BD3D /* Debug */ = {
			isa = XCBuildConfiguration;
			buildSettings = {
				ALWAYS_SEARCH_USER_PATHS = NO;
				CLANG_ANALYZER_NONNULL = YES;
				CLANG_ANALYZER_NUMBER_OBJECT_CONVERSION = YES_AGGRESSIVE;
				CLANG_CXX_LANGUAGE_STANDARD = "gnu++14";
				CLANG_CXX_LIBRARY = "libc++";
				CLANG_ENABLE_MODULES = YES;
				CLANG_ENABLE_OBJC_ARC = YES;
				CLANG_ENABLE_OBJC_WEAK = YES;
				CLANG_WARN_BLOCK_CAPTURE_AUTORELEASING = YES;
				CLANG_WARN_BOOL_CONVERSION = YES;
				CLANG_WARN_COMMA = YES;
				CLANG_WARN_CONSTANT_CONVERSION = YES;
				CLANG_WARN_DEPRECATED_OBJC_IMPLEMENTATIONS = YES;
				CLANG_WARN_DIRECT_OBJC_ISA_USAGE = YES_ERROR;
				CLANG_WARN_DOCUMENTATION_COMMENTS = YES;
				CLANG_WARN_EMPTY_BODY = YES;
				CLANG_WARN_ENUM_CONVERSION = YES;
				CLANG_WARN_INFINITE_RECURSION = YES;
				CLANG_WARN_INT_CONVERSION = YES;
				CLANG_WARN_NON_LITERAL_NULL_CONVERSION = YES;
				CLANG_WARN_OBJC_IMPLICIT_RETAIN_SELF = YES;
				CLANG_WARN_OBJC_LITERAL_CONVERSION = YES;
				CLANG_WARN_OBJC_ROOT_CLASS = YES_ERROR;
				CLANG_WARN_RANGE_LOOP_ANALYSIS = YES;
				CLANG_WARN_STRICT_PROTOTYPES = YES;
				CLANG_WARN_SUSPICIOUS_MOVE = YES;
				CLANG_WARN_UNGUARDED_AVAILABILITY = YES_AGGRESSIVE;
				CLANG_WARN_UNREACHABLE_CODE = YES;
				CLANG_WARN__DUPLICATE_METHOD_MATCH = YES;
				COPY_PHASE_STRIP = NO;
				DEBUG_INFORMATION_FORMAT = dwarf;
				ENABLE_STRICT_OBJC_MSGSEND = YES;
				ENABLE_TESTABILITY = YES;
				GCC_C_LANGUAGE_STANDARD = gnu11;
				GCC_DYNAMIC_NO_PIC = NO;
				GCC_NO_COMMON_BLOCKS = YES;
				GCC_OPTIMIZATION_LEVEL = 0;
				GCC_PREPROCESSOR_DEFINITIONS = (
					"DEBUG=1",
					"$(inherited)",
				);
				GCC_WARN_64_TO_32_BIT_CONVERSION = YES;
				GCC_WARN_ABOUT_RETURN_TYPE = YES_ERROR;
				GCC_WARN_UNDECLARED_SELECTOR = YES;
				GCC_WARN_UNINITIALIZED_AUTOS = YES_AGGRESSIVE;
				GCC_WARN_UNUSED_FUNCTION = YES;
				GCC_WARN_UNUSED_VARIABLE = YES;
				IPHONEOS_DEPLOYMENT_TARGET = 13.4;
				MTL_ENABLE_DEBUG_INFO = INCLUDE_SOURCE;
				MTL_FAST_MATH = YES;
				ONLY_ACTIVE_ARCH = YES;
				SDKROOT = iphoneos;
				SWIFT_ACTIVE_COMPILATION_CONDITIONS = DEBUG;
				SWIFT_OPTIMIZATION_LEVEL = "-Onone";
			};
			name = Debug;
		};
		BBBAD2A224755CF70096BD3D /* Release */ = {
			isa = XCBuildConfiguration;
			buildSettings = {
				ALWAYS_SEARCH_USER_PATHS = NO;
				CLANG_ANALYZER_NONNULL = YES;
				CLANG_ANALYZER_NUMBER_OBJECT_CONVERSION = YES_AGGRESSIVE;
				CLANG_CXX_LANGUAGE_STANDARD = "gnu++14";
				CLANG_CXX_LIBRARY = "libc++";
				CLANG_ENABLE_MODULES = YES;
				CLANG_ENABLE_OBJC_ARC = YES;
				CLANG_ENABLE_OBJC_WEAK = YES;
				CLANG_WARN_BLOCK_CAPTURE_AUTORELEASING = YES;
				CLANG_WARN_BOOL_CONVERSION = YES;
				CLANG_WARN_COMMA = YES;
				CLANG_WARN_CONSTANT_CONVERSION = YES;
				CLANG_WARN_DEPRECATED_OBJC_IMPLEMENTATIONS = YES;
				CLANG_WARN_DIRECT_OBJC_ISA_USAGE = YES_ERROR;
				CLANG_WARN_DOCUMENTATION_COMMENTS = YES;
				CLANG_WARN_EMPTY_BODY = YES;
				CLANG_WARN_ENUM_CONVERSION = YES;
				CLANG_WARN_INFINITE_RECURSION = YES;
				CLANG_WARN_INT_CONVERSION = YES;
				CLANG_WARN_NON_LITERAL_NULL_CONVERSION = YES;
				CLANG_WARN_OBJC_IMPLICIT_RETAIN_SELF = YES;
				CLANG_WARN_OBJC_LITERAL_CONVERSION = YES;
				CLANG_WARN_OBJC_ROOT_CLASS = YES_ERROR;
				CLANG_WARN_RANGE_LOOP_ANALYSIS = YES;
				CLANG_WARN_STRICT_PROTOTYPES = YES;
				CLANG_WARN_SUSPICIOUS_MOVE = YES;
				CLANG_WARN_UNGUARDED_AVAILABILITY = YES_AGGRESSIVE;
				CLANG_WARN_UNREACHABLE_CODE = YES;
				CLANG_WARN__DUPLICATE_METHOD_MATCH = YES;
				COPY_PHASE_STRIP = NO;
				DEBUG_INFORMATION_FORMAT = "dwarf-with-dsym";
				ENABLE_NS_ASSERTIONS = NO;
				ENABLE_STRICT_OBJC_MSGSEND = YES;
				GCC_C_LANGUAGE_STANDARD = gnu11;
				GCC_NO_COMMON_BLOCKS = YES;
				GCC_WARN_64_TO_32_BIT_CONVERSION = YES;
				GCC_WARN_ABOUT_RETURN_TYPE = YES_ERROR;
				GCC_WARN_UNDECLARED_SELECTOR = YES;
				GCC_WARN_UNINITIALIZED_AUTOS = YES_AGGRESSIVE;
				GCC_WARN_UNUSED_FUNCTION = YES;
				GCC_WARN_UNUSED_VARIABLE = YES;
				IPHONEOS_DEPLOYMENT_TARGET = 13.4;
				MTL_ENABLE_DEBUG_INFO = NO;
				MTL_FAST_MATH = YES;
				SDKROOT = iphoneos;
				SWIFT_COMPILATION_MODE = wholemodule;
				SWIFT_OPTIMIZATION_LEVEL = "-O";
				VALIDATE_PRODUCT = YES;
			};
			name = Release;
		};
		BBBAD2A424755CF70096BD3D /* Debug */ = {
			isa = XCBuildConfiguration;
			buildSettings = {
				ASSETCATALOG_COMPILER_APPICON_NAME = AppIcon;
				CODE_SIGN_STYLE = Automatic;
				DEVELOPMENT_TEAM = S6ZHA5R5FZ;
				INFOPLIST_FILE = "Constraint_ po_TZ/Info.plist";
				LD_RUNPATH_SEARCH_PATHS = (
					"$(inherited)",
					"@executable_path/Frameworks",
				);
				PRODUCT_BUNDLE_IDENTIFIER = "first-applecation.Constraint--po-TZ";
				PRODUCT_NAME = "$(TARGET_NAME)";
				SWIFT_VERSION = 5.0;
				TARGETED_DEVICE_FAMILY = "1,2";
			};
			name = Debug;
		};
		BBBAD2A524755CF70096BD3D /* Release */ = {
			isa = XCBuildConfiguration;
			buildSettings = {
				ASSETCATALOG_COMPILER_APPICON_NAME = AppIcon;
				CODE_SIGN_STYLE = Automatic;
				DEVELOPMENT_TEAM = S6ZHA5R5FZ;
				INFOPLIST_FILE = "Constraint_ po_TZ/Info.plist";
				LD_RUNPATH_SEARCH_PATHS = (
					"$(inherited)",
					"@executable_path/Frameworks",
				);
				PRODUCT_BUNDLE_IDENTIFIER = "first-applecation.Constraint--po-TZ";
				PRODUCT_NAME = "$(TARGET_NAME)";
				SWIFT_VERSION = 5.0;
				TARGETED_DEVICE_FAMILY = "1,2";
			};
			name = Release;
		};
/* End XCBuildConfiguration section */

/* Begin XCConfigurationList section */
		BBBAD28A24755CF10096BD3D /* Build configuration list for PBXProject "Constraint_ po_TZ" */ = {
			isa = XCConfigurationList;
			buildConfigurations = (
				BBBAD2A124755CF70096BD3D /* Debug */,
				BBBAD2A224755CF70096BD3D /* Release */,
			);
			defaultConfigurationIsVisible = 0;
			defaultConfigurationName = Release;
		};
		BBBAD2A324755CF70096BD3D /* Build configuration list for PBXNativeTarget "Constraint_ po_TZ" */ = {
			isa = XCConfigurationList;
			buildConfigurations = (
				BBBAD2A424755CF70096BD3D /* Debug */,
				BBBAD2A524755CF70096BD3D /* Release */,
			);
			defaultConfigurationIsVisible = 0;
			defaultConfigurationName = Release;
		};
/* End XCConfigurationList section */
	};
	rootObject = BBBAD28724755CF10096BD3D /* Project object */;
}
